
Microsoft Visual Studio Solution File, Format Version 12.00
# Visual Studio Version 17
VisualStudioVersion = 17.1.32210.238
MinimumVisualStudioVersion = 10.0.40219.1
Project("{9A19103F-16F7-4668-BE54-9A1E7A4F7556}") = "School.Data", "School.Data\School.Data.csproj", "{EB544B26-59E9-431F-BC8F-39422BA8C379}"
EndProject
Project("{9A19103F-16F7-4668-BE54-9A1E7A4F7556}") = "School.Lib", "School.Lib\School.Lib.csproj", "{3649C301-E8F1-43D1-900C-3B8A40CAB79B}"
EndProject
Project("{FAE04EC0-301F-11D3-BF4B-00C04F79EFBC}") = "School.Web2", "School.Web2\School.Web2.csproj", "{286DDCCB-C294-412F-BEBC-4B208CA1CEF5}"
EndProject
Global
	GlobalSection(SolutionConfigurationPlatforms) = preSolution
		Debug|Any CPU = Debug|Any CPU
		Release|Any CPU = Release|Any CPU
	EndGlobalSection
	GlobalSection(ProjectConfigurationPlatforms) = postSolution
		{EB544B26-59E9-431F-BC8F-39422BA8C379}.Debug|Any CPU.ActiveCfg = Debug|Any CPU
		{EB544B26-59E9-431F-BC8F-39422BA8C379}.Debug|Any CPU.Build.0 = Debug|Any CPU
		{EB544B26-59E9-431F-BC8F-39422BA8C379}.Release|Any CPU.ActiveCfg = Release|Any CPU
		{EB544B26-59E9-431F-BC8F-39422BA8C379}.Release|Any CPU.Build.0 = Release|Any CPU
		{3649C301-E8F1-43D1-900C-3B8A40CAB79B}.Debug|Any CPU.ActiveCfg = Debug|Any CPU
		{3649C301-E8F1-43D1-900C-3B8A40CAB79B}.Debug|Any CPU.Build.0 = Debug|Any CPU
		{3649C301-E8F1-43D1-900C-3B8A40CAB79B}.Release|Any CPU.ActiveCfg = Release|Any CPU
		{3649C301-E8F1-43D1-900C-3B8A40CAB79B}.Release|Any CPU.Build.0 = Release|Any CPU
		{286DDCCB-C294-412F-BEBC-4B208CA1CEF5}.Debug|Any CPU.ActiveCfg = Debug|Any CPU
		{286DDCCB-C294-412F-BEBC-4B208CA1CEF5}.Debug|Any CPU.Build.0 = Debug|Any CPU
		{286DDCCB-C294-412F-BEBC-4B208CA1CEF5}.Release|Any CPU.ActiveCfg = Release|Any CPU
		{286DDCCB-C294-412F-BEBC-4B208CA1CEF5}.Release|Any CPU.Build.0 = Release|Any CPU
	EndGlobalSection
	GlobalSection(SolutionProperties) = preSolution
		HideSolutionNode = FALSE
	EndGlobalSection
	GlobalSection(ExtensibilityGlobals) = postSolution
		SolutionGuid = {2EA25DC8-AC86-40BB-A9B0-384FBCE5FC45}
	EndGlobalSection
EndGlobal
